{
  "name": "helpjuice-search",
  "version": "1.0.0",
  "lockfileVersion": 2,
  "requires": true,
  "packages": {
    "": {
      "name": "helpjuice-search",
      "version": "1.0.0",
      "license": "ISC",
      "dependencies": {
        "@hotwired/stimulus": "^3.2.1",
        "@rails/request.js": "^0.0.8",
        "stimulus": "^3.2.1",
        "stimulus_reflex": "3.5.0-pre8"
      }
    },
    "node_modules/@hotwired/stimulus": {
      "version": "3.2.1",
      "resolved": "https://registry.npmjs.org/@hotwired/stimulus/-/stimulus-3.2.1.tgz",
      "integrity": "sha512-HGlzDcf9vv/EQrMJ5ZG6VWNs8Z/xMN+1o2OhV1gKiSG6CqZt5MCBB1gRg5ILiN3U0jEAxuDTNPRfBcnZBDmupQ=="
    },
    "node_modules/@hotwired/stimulus-webpack-helpers": {
      "version": "1.0.1",
      "resolved": "https://registry.npmjs.org/@hotwired/stimulus-webpack-helpers/-/stimulus-webpack-helpers-1.0.1.tgz",
      "integrity": "sha512-wa/zupVG0eWxRYJjC1IiPBdt3Lruv0RqGN+/DTMmUWUyMAEB27KXmVY6a8YpUVTM7QwVuaLNGW4EqDgrS2upXQ==",
      "peerDependencies": {
        "@hotwired/stimulus": ">= 3.0"
      }
    },
    "node_modules/@rails/actioncable": {
      "version": "7.0.4",
      "resolved": "https://registry.npmjs.org/@rails/actioncable/-/actioncable-7.0.4.tgz",
      "integrity": "sha512-tz4oM+Zn9CYsvtyicsa/AwzKZKL+ITHWkhiu7x+xF77clh2b4Rm+s6xnOgY/sGDWoFWZmtKsE95hxBPkgQQNnQ=="
    },
    "node_modules/@rails/request.js": {
      "version": "0.0.8",
      "resolved": "https://registry.npmjs.org/@rails/request.js/-/request.js-0.0.8.tgz",
      "integrity": "sha512-ysHYZDl+XjBwFVXz7EI7XW+ZWiTFY8t7TrC/ahpAPt0p7NE4DZxm1nJQY9gmF4PBf+4pAYa+D/rLIGmrn1ZMvg=="
    },
    "node_modules/cable_ready": {
      "version": "5.0.0-pre8",
      "resolved": "https://registry.npmjs.org/cable_ready/-/cable_ready-5.0.0-pre8.tgz",
      "integrity": "sha512-5TyAp0DcYiv15YGlAI4WqEBw8Mz/lARSz/pIwEEVWWUnqWQhbsMqCIYIsQoV3IXudKOowaSbukbPRYFN0PYzKg==",
      "dependencies": {
        "morphdom": "^2.6.1"
      }
    },
    "node_modules/morphdom": {
      "version": "2.6.1",
      "resolved": "https://registry.npmjs.org/morphdom/-/morphdom-2.6.1.tgz",
      "integrity": "sha512-Y8YRbAEP3eKykroIBWrjcfMw7mmwJfjhqdpSvoqinu8Y702nAwikpXcNFDiIkyvfCLxLM9Wu95RZqo4a9jFBaA=="
    },
    "node_modules/stimulus": {
      "version": "3.2.1",
      "resolved": "https://registry.npmjs.org/stimulus/-/stimulus-3.2.1.tgz",
      "integrity": "sha512-EhpuHnTwtkWrE5m7tQxLBLsi1aE6xJ/9MbB88aKXZSquIC4pCueKJ2AGaF5gq+/BzP7+xvYaVYA0j1dIUuBsgA==",
      "dependencies": {
        "@hotwired/stimulus": "^3.2.1",
        "@hotwired/stimulus-webpack-helpers": "^1.0.0"
      }
    },
    "node_modules/stimulus_reflex": {
      "version": "3.5.0-pre8",
      "resolved": "https://registry.npmjs.org/stimulus_reflex/-/stimulus_reflex-3.5.0-pre8.tgz",
      "integrity": "sha512-9nGNTeMf3URG3VsgCVt53E22H4N1DzGoyQ99NxAloxe++hbXUwsR/Lfw29uSQXSHXvzWI+waOhjZxesCIlWxPQ==",
      "dependencies": {
        "@rails/actioncable": ">= 6.0",
        "cable_ready": "5.0.0-pre8"
      },
      "peerDependencies": {
        "stimulus": ">= 1.1"
      }
    }
  },
  "dependencies": {
    "@hotwired/stimulus": {
      "version": "3.2.1",
      "resolved": "https://registry.npmjs.org/@hotwired/stimulus/-/stimulus-3.2.1.tgz",
      "integrity": "sha512-HGlzDcf9vv/EQrMJ5ZG6VWNs8Z/xMN+1o2OhV1gKiSG6CqZt5MCBB1gRg5ILiN3U0jEAxuDTNPRfBcnZBDmupQ=="
    },
    "@hotwired/stimulus-webpack-helpers": {
      "version": "1.0.1",
      "resolved": "https://registry.npmjs.org/@hotwired/stimulus-webpack-helpers/-/stimulus-webpack-helpers-1.0.1.tgz",
      "integrity": "sha512-wa/zupVG0eWxRYJjC1IiPBdt3Lruv0RqGN+/DTMmUWUyMAEB27KXmVY6a8YpUVTM7QwVuaLNGW4EqDgrS2upXQ=="
    },
    "@rails/actioncable": {
      "version": "7.0.4",
      "resolved": "https://registry.npmjs.org/@rails/actioncable/-/actioncable-7.0.4.tgz",
      "integrity": "sha512-tz4oM+Zn9CYsvtyicsa/AwzKZKL+ITHWkhiu7x+xF77clh2b4Rm+s6xnOgY/sGDWoFWZmtKsE95hxBPkgQQNnQ=="
    },
    "@rails/request.js": {
      "version": "0.0.8",
      "resolved": "https://registry.npmjs.org/@rails/request.js/-/request.js-0.0.8.tgz",
      "integrity": "sha512-ysHYZDl+XjBwFVXz7EI7XW+ZWiTFY8t7TrC/ahpAPt0p7NE4DZxm1nJQY9gmF4PBf+4pAYa+D/rLIGmrn1ZMvg=="
    },
    "cable_ready": {
      "version": "5.0.0-pre8",
      "resolved": "https://registry.npmjs.org/cable_ready/-/cable_ready-5.0.0-pre8.tgz",
      "integrity": "sha512-5TyAp0DcYiv15YGlAI4WqEBw8Mz/lARSz/pIwEEVWWUnqWQhbsMqCIYIsQoV3IXudKOowaSbukbPRYFN0PYzKg==",
      "requires": {
        "morphdom": "^2.6.1"
      }
    },
    "morphdom": {
      "version": "2.6.1",
      "resolved": "https://registry.npmjs.org/morphdom/-/morphdom-2.6.1.tgz",
      "integrity": "sha512-Y8YRbAEP3eKykroIBWrjcfMw7mmwJfjhqdpSvoqinu8Y702nAwikpXcNFDiIkyvfCLxLM9Wu95RZqo4a9jFBaA=="
    },
    "stimulus": {
      "version": "3.2.1",
      "resolved": "https://registry.npmjs.org/stimulus/-/stimulus-3.2.1.tgz",
      "integrity": "sha512-EhpuHnTwtkWrE5m7tQxLBLsi1aE6xJ/9MbB88aKXZSquIC4pCueKJ2AGaF5gq+/BzP7+xvYaVYA0j1dIUuBsgA==",
      "requires": {
        "@hotwired/stimulus": "^3.2.1",
        "@hotwired/stimulus-webpack-helpers": "^1.0.0"
      }
    },
    "stimulus_reflex": {
      "version": "3.5.0-pre8",
      "resolved": "https://registry.npmjs.org/stimulus_reflex/-/stimulus_reflex-3.5.0-pre8.tgz",
      "integrity": "sha512-9nGNTeMf3URG3VsgCVt53E22H4N1DzGoyQ99NxAloxe++hbXUwsR/Lfw29uSQXSHXvzWI+waOhjZxesCIlWxPQ==",
      "requires": {
        "@rails/actioncable": ">= 6.0",
        "cable_ready": "5.0.0-pre8"
      }
    }
  }
}
